
Microsoft Visual Studio Solution File, Format Version 12.00
# Visual Studio Version 16
VisualStudioVersion = 16.0.31829.152
MinimumVisualStudioVersion = 10.0.40219.1
Project("{9A19103F-16F7-4668-BE54-9A1E7A4F7556}") = "Utility", "Utility.csproj", "{079FE870-B618-4659-9B3D-35133B8A531F}"
EndProject
Global
	GlobalSection(SolutionConfigurationPlatforms) = preSolution
		Debug|Any CPU = Debug|Any CPU
		Release|Any CPU = Release|Any CPU
	EndGlobalSection
	GlobalSection(ProjectConfigurationPlatforms) = postSolution
		{079FE870-B618-4659-9B3D-35133B8A531F}.Debug|Any CPU.ActiveCfg = Debug|Any CPU
		{079FE870-B618-4659-9B3D-35133B8A531F}.Debug|Any CPU.Build.0 = Debug|Any CPU
		{079FE870-B618-4659-9B3D-35133B8A531F}.Release|Any CPU.ActiveCfg = Release|Any CPU
		{079FE870-B618-4659-9B3D-35133B8A531F}.Release|Any CPU.Build.0 = Release|Any CPU
	EndGlobalSection
	GlobalSection(SolutionProperties) = preSolution
		HideSolutionNode = FALSE
	EndGlobalSection
	GlobalSection(ExtensibilityGlobals) = postSolution
		SolutionGuid = {B8F1E0C2-B9FD-49D8-8804-8C1B7310F8D6}
	EndGlobalSection
EndGlobal
